
Microsoft Visual Studio Solution File, Format Version 12.00
# Visual Studio Version 17
VisualStudioVersion = 17.13.35931.197 d17.13
MinimumVisualStudioVersion = 10.0.40219.1
Project("{FAE04EC0-301F-11D3-BF4B-00C04F79EFBC}") = "brochureapi", "brochureapi.csproj", "{8AD2C30F-9E76-448C-B401-3E08842A00E7}"
EndProject
Global
	GlobalSection(SolutionConfigurationPlatforms) = preSolution
		Debug|Any CPU = Debug|Any CPU
		Release|Any CPU = Release|Any CPU
	EndGlobalSection
	GlobalSection(ProjectConfigurationPlatforms) = postSolution
		{8AD2C30F-9E76-448C-B401-3E08842A00E7}.Debug|Any CPU.ActiveCfg = Debug|Any CPU
		{8AD2C30F-9E76-448C-B401-3E08842A00E7}.Debug|Any CPU.Build.0 = Debug|Any CPU
		{8AD2C30F-9E76-448C-B401-3E08842A00E7}.Release|Any CPU.ActiveCfg = Release|Any CPU
		{8AD2C30F-9E76-448C-B401-3E08842A00E7}.Release|Any CPU.Build.0 = Release|Any CPU
	EndGlobalSection
	GlobalSection(SolutionProperties) = preSolution
		HideSolutionNode = FALSE
	EndGlobalSection
	GlobalSection(ExtensibilityGlobals) = postSolution
		SolutionGuid = {2907F7A3-717F-47B3-B1E2-96DCBA6B73FF}
	EndGlobalSection
EndGlobal
